
Microsoft Visual Studio Solution File, Format Version 12.00
# Visual Studio 15
VisualStudioVersion = 15.0.27004.2006
MinimumVisualStudioVersion = 10.0.40219.1
Project("{FAE04EC0-301F-11D3-BF4B-00C04F79EFBC}") = "Cerberus_GUI2", "Cerberus_GUI2\Cerberus_GUI2.csproj", "{DBD4AC44-AB34-410E-90C7-CF4AF0154D0D}"
EndProject
Global
	GlobalSection(SolutionConfigurationPlatforms) = preSolution
		Debug|Any CPU = Debug|Any CPU
		Debug|x64 = Debug|x64
		Debug|x86 = Debug|x86
		Release|Any CPU = Release|Any CPU
		Release|x64 = Release|x64
		Release|x86 = Release|x86
	EndGlobalSection
	GlobalSection(ProjectConfigurationPlatforms) = postSolution
		{DBD4AC44-AB34-410E-90C7-CF4AF0154D0D}.Debug|Any CPU.ActiveCfg = Debug|Any CPU
		{DBD4AC44-AB34-410E-90C7-CF4AF0154D0D}.Debug|Any CPU.Build.0 = Debug|Any CPU
		{DBD4AC44-AB34-410E-90C7-CF4AF0154D0D}.Debug|x64.ActiveCfg = Debug|x64
		{DBD4AC44-AB34-410E-90C7-CF4AF0154D0D}.Debug|x64.Build.0 = Debug|x64
		{DBD4AC44-AB34-410E-90C7-CF4AF0154D0D}.Debug|x86.ActiveCfg = Debug|x86
		{DBD4AC44-AB34-410E-90C7-CF4AF0154D0D}.Debug|x86.Build.0 = Debug|x86
		{DBD4AC44-AB34-410E-90C7-CF4AF0154D0D}.Release|Any CPU.ActiveCfg = Release|Any CPU
		{DBD4AC44-AB34-410E-90C7-CF4AF0154D0D}.Release|Any CPU.Build.0 = Release|Any CPU
		{DBD4AC44-AB34-410E-90C7-CF4AF0154D0D}.Release|x64.ActiveCfg = Release|x64
		{DBD4AC44-AB34-410E-90C7-CF4AF0154D0D}.Release|x64.Build.0 = Release|x64
		{DBD4AC44-AB34-410E-90C7-CF4AF0154D0D}.Release|x86.ActiveCfg = Release|x86
		{DBD4AC44-AB34-410E-90C7-CF4AF0154D0D}.Release|x86.Build.0 = Release|x86
	EndGlobalSection
	GlobalSection(SolutionProperties) = preSolution
		HideSolutionNode = FALSE
	EndGlobalSection
	GlobalSection(ExtensibilityGlobals) = postSolution
		SolutionGuid = {21372CCF-B82B-48EB-ABD5-F6575493512D}
	EndGlobalSection
EndGlobal
